
Microsoft Visual Studio Solution File, Format Version 12.00
# Visual Studio Version 16
VisualStudioVersion = 16.0.31112.23
MinimumVisualStudioVersion = 10.0.40219.1
Project("{FAE04EC0-301F-11D3-BF4B-00C04F79EFBC}") = "Checkers", "Checkers.csproj", "{12535946-6916-450E-9B08-88EF71EC8257}"
EndProject
Global
	GlobalSection(SolutionConfigurationPlatforms) = preSolution
		Debug|Any CPU = Debug|Any CPU
		Release|Any CPU = Release|Any CPU
	EndGlobalSection
	GlobalSection(ProjectConfigurationPlatforms) = postSolution
		{12535946-6916-450E-9B08-88EF71EC8257}.Debug|Any CPU.ActiveCfg = Debug|Any CPU
		{12535946-6916-450E-9B08-88EF71EC8257}.Debug|Any CPU.Build.0 = Debug|Any CPU
		{12535946-6916-450E-9B08-88EF71EC8257}.Release|Any CPU.ActiveCfg = Release|Any CPU
		{12535946-6916-450E-9B08-88EF71EC8257}.Release|Any CPU.Build.0 = Release|Any CPU
	EndGlobalSection
	GlobalSection(SolutionProperties) = preSolution
		HideSolutionNode = FALSE
	EndGlobalSection
	GlobalSection(ExtensibilityGlobals) = postSolution
		SolutionGuid = {0577C925-09AA-4933-AD70-8D24DC2AF302}
	EndGlobalSection
EndGlobal
